
Microsoft Visual Studio Solution File, Format Version 12.00
# Visual Studio Version 16
VisualStudioVersion = 16.0.33920.266
MinimumVisualStudioVersion = 10.0.40219.1
Project("{8BC9CEB8-8B4A-11D0-8D11-00A0C91BC942}") = "Chapter6_shaders", "Chapter6_shaders.vcxproj", "{A0FF2F0C-BD8C-4CDA-B017-B95F0EB85B01}"
EndProject
Global
	GlobalSection(SolutionConfigurationPlatforms) = preSolution
		Debug|x64 = Debug|x64
		Debug|x86 = Debug|x86
		Release|x64 = Release|x64
		Release|x86 = Release|x86
	EndGlobalSection
	GlobalSection(ProjectConfigurationPlatforms) = postSolution
		{A0FF2F0C-BD8C-4CDA-B017-B95F0EB85B01}.Debug|x64.ActiveCfg = Debug|x64
		{A0FF2F0C-BD8C-4CDA-B017-B95F0EB85B01}.Debug|x64.Build.0 = Debug|x64
		{A0FF2F0C-BD8C-4CDA-B017-B95F0EB85B01}.Debug|x86.ActiveCfg = Debug|Win32
		{A0FF2F0C-BD8C-4CDA-B017-B95F0EB85B01}.Debug|x86.Build.0 = Debug|Win32
		{A0FF2F0C-BD8C-4CDA-B017-B95F0EB85B01}.Release|x64.ActiveCfg = Release|x64
		{A0FF2F0C-BD8C-4CDA-B017-B95F0EB85B01}.Release|x64.Build.0 = Release|x64
		{A0FF2F0C-BD8C-4CDA-B017-B95F0EB85B01}.Release|x86.ActiveCfg = Release|Win32
		{A0FF2F0C-BD8C-4CDA-B017-B95F0EB85B01}.Release|x86.Build.0 = Release|Win32
	EndGlobalSection
	GlobalSection(SolutionProperties) = preSolution
		HideSolutionNode = FALSE
	EndGlobalSection
	GlobalSection(ExtensibilityGlobals) = postSolution
		SolutionGuid = {7C90625B-96CF-4690-9EFF-CDD65F29A968}
	EndGlobalSection
EndGlobal
