
Microsoft Visual Studio Solution File, Format Version 12.00
# Visual Studio Version 16
VisualStudioVersion = 16.0.33920.266
MinimumVisualStudioVersion = 10.0.40219.1
Project("{8BC9CEB8-8B4A-11D0-8D11-00A0C91BC942}") = "Chapter3", "Chapter3.vcxproj", "{C1971DC0-27B8-419B-B8B5-41A7F3921C6E}"
EndProject
Global
	GlobalSection(SolutionConfigurationPlatforms) = preSolution
		Debug|x64 = Debug|x64
		Debug|x86 = Debug|x86
		Release|x64 = Release|x64
		Release|x86 = Release|x86
	EndGlobalSection
	GlobalSection(ProjectConfigurationPlatforms) = postSolution
		{C1971DC0-27B8-419B-B8B5-41A7F3921C6E}.Debug|x64.ActiveCfg = Debug|x64
		{C1971DC0-27B8-419B-B8B5-41A7F3921C6E}.Debug|x64.Build.0 = Debug|x64
		{C1971DC0-27B8-419B-B8B5-41A7F3921C6E}.Debug|x86.ActiveCfg = Debug|Win32
		{C1971DC0-27B8-419B-B8B5-41A7F3921C6E}.Debug|x86.Build.0 = Debug|Win32
		{C1971DC0-27B8-419B-B8B5-41A7F3921C6E}.Release|x64.ActiveCfg = Release|x64
		{C1971DC0-27B8-419B-B8B5-41A7F3921C6E}.Release|x64.Build.0 = Release|x64
		{C1971DC0-27B8-419B-B8B5-41A7F3921C6E}.Release|x86.ActiveCfg = Release|Win32
		{C1971DC0-27B8-419B-B8B5-41A7F3921C6E}.Release|x86.Build.0 = Release|Win32
	EndGlobalSection
	GlobalSection(SolutionProperties) = preSolution
		HideSolutionNode = FALSE
	EndGlobalSection
	GlobalSection(ExtensibilityGlobals) = postSolution
		SolutionGuid = {A8222C53-55A4-44EB-A5E4-6AE6627A3634}
	EndGlobalSection
EndGlobal
