
Microsoft Visual Studio Solution File, Format Version 12.00
# Visual Studio Version 16
VisualStudioVersion = 16.0.33920.266
MinimumVisualStudioVersion = 10.0.40219.1
Project("{8BC9CEB8-8B4A-11D0-8D11-00A0C91BC942}") = "Chapter6_combining_it_all_together", "Chapter6_combining_it_all_together.vcxproj", "{417CDDD2-FA1A-45F4-9370-E377E57E55E5}"
EndProject
Global
	GlobalSection(SolutionConfigurationPlatforms) = preSolution
		Debug|x64 = Debug|x64
		Debug|x86 = Debug|x86
		Release|x64 = Release|x64
		Release|x86 = Release|x86
	EndGlobalSection
	GlobalSection(ProjectConfigurationPlatforms) = postSolution
		{417CDDD2-FA1A-45F4-9370-E377E57E55E5}.Debug|x64.ActiveCfg = Debug|x64
		{417CDDD2-FA1A-45F4-9370-E377E57E55E5}.Debug|x64.Build.0 = Debug|x64
		{417CDDD2-FA1A-45F4-9370-E377E57E55E5}.Debug|x86.ActiveCfg = Debug|Win32
		{417CDDD2-FA1A-45F4-9370-E377E57E55E5}.Debug|x86.Build.0 = Debug|Win32
		{417CDDD2-FA1A-45F4-9370-E377E57E55E5}.Release|x64.ActiveCfg = Release|x64
		{417CDDD2-FA1A-45F4-9370-E377E57E55E5}.Release|x64.Build.0 = Release|x64
		{417CDDD2-FA1A-45F4-9370-E377E57E55E5}.Release|x86.ActiveCfg = Release|Win32
		{417CDDD2-FA1A-45F4-9370-E377E57E55E5}.Release|x86.Build.0 = Release|Win32
	EndGlobalSection
	GlobalSection(SolutionProperties) = preSolution
		HideSolutionNode = FALSE
	EndGlobalSection
	GlobalSection(ExtensibilityGlobals) = postSolution
		SolutionGuid = {D863F52F-1F36-4B21-8BE4-F5ABAAD66222}
	EndGlobalSection
EndGlobal
