
Microsoft Visual Studio Solution File, Format Version 12.00
# Visual Studio Version 16
VisualStudioVersion = 16.0.33920.266
MinimumVisualStudioVersion = 10.0.40219.1
Project("{8BC9CEB8-8B4A-11D0-8D11-00A0C91BC942}") = "Chapter5_audio_3d", "Chapter5_audio_3d.vcxproj", "{17987394-A89F-4EDD-B4EB-4EBD0D87E512}"
EndProject
Global
	GlobalSection(SolutionConfigurationPlatforms) = preSolution
		Debug|x64 = Debug|x64
		Debug|x86 = Debug|x86
		Release|x64 = Release|x64
		Release|x86 = Release|x86
	EndGlobalSection
	GlobalSection(ProjectConfigurationPlatforms) = postSolution
		{17987394-A89F-4EDD-B4EB-4EBD0D87E512}.Debug|x64.ActiveCfg = Debug|x64
		{17987394-A89F-4EDD-B4EB-4EBD0D87E512}.Debug|x64.Build.0 = Debug|x64
		{17987394-A89F-4EDD-B4EB-4EBD0D87E512}.Debug|x86.ActiveCfg = Debug|Win32
		{17987394-A89F-4EDD-B4EB-4EBD0D87E512}.Debug|x86.Build.0 = Debug|Win32
		{17987394-A89F-4EDD-B4EB-4EBD0D87E512}.Release|x64.ActiveCfg = Release|x64
		{17987394-A89F-4EDD-B4EB-4EBD0D87E512}.Release|x64.Build.0 = Release|x64
		{17987394-A89F-4EDD-B4EB-4EBD0D87E512}.Release|x86.ActiveCfg = Release|Win32
		{17987394-A89F-4EDD-B4EB-4EBD0D87E512}.Release|x86.Build.0 = Release|Win32
	EndGlobalSection
	GlobalSection(SolutionProperties) = preSolution
		HideSolutionNode = FALSE
	EndGlobalSection
	GlobalSection(ExtensibilityGlobals) = postSolution
		SolutionGuid = {2DE118EE-DC82-4E13-AC20-86DE4EA8865E}
	EndGlobalSection
EndGlobal
