
Microsoft Visual Studio Solution File, Format Version 12.00
# Visual Studio Version 16
VisualStudioVersion = 16.0.33920.266
MinimumVisualStudioVersion = 10.0.40219.1
Project("{8BC9CEB8-8B4A-11D0-8D11-00A0C91BC942}") = "Chapter2_resource_manager", "Chapter2_resource_manager.vcxproj", "{A971AE7D-5914-4EBF-92DD-3706C4B3064E}"
EndProject
Global
	GlobalSection(SolutionConfigurationPlatforms) = preSolution
		Debug|x64 = Debug|x64
		Debug|x86 = Debug|x86
		Release|x64 = Release|x64
		Release|x86 = Release|x86
	EndGlobalSection
	GlobalSection(ProjectConfigurationPlatforms) = postSolution
		{A971AE7D-5914-4EBF-92DD-3706C4B3064E}.Debug|x64.ActiveCfg = Debug|x64
		{A971AE7D-5914-4EBF-92DD-3706C4B3064E}.Debug|x64.Build.0 = Debug|x64
		{A971AE7D-5914-4EBF-92DD-3706C4B3064E}.Debug|x86.ActiveCfg = Debug|Win32
		{A971AE7D-5914-4EBF-92DD-3706C4B3064E}.Debug|x86.Build.0 = Debug|Win32
		{A971AE7D-5914-4EBF-92DD-3706C4B3064E}.Release|x64.ActiveCfg = Release|x64
		{A971AE7D-5914-4EBF-92DD-3706C4B3064E}.Release|x64.Build.0 = Release|x64
		{A971AE7D-5914-4EBF-92DD-3706C4B3064E}.Release|x86.ActiveCfg = Release|Win32
		{A971AE7D-5914-4EBF-92DD-3706C4B3064E}.Release|x86.Build.0 = Release|Win32
	EndGlobalSection
	GlobalSection(SolutionProperties) = preSolution
		HideSolutionNode = FALSE
	EndGlobalSection
	GlobalSection(ExtensibilityGlobals) = postSolution
		SolutionGuid = {666C6DA5-7D81-412D-8C24-A6B2B30BF774}
	EndGlobalSection
EndGlobal
